{
  "name": "MindForest-App",
  "lockfileVersion": 3,
  "requires": true,
  "packages": {
    "": {
      "devDependencies": {
        "baseline-browser-mapping": "^2.10.29"
      }
    },
    "node_modules/baseline-browser-mapping": {
      "version": "2.10.29",
      "resolved": "https://registry.npmjs.org/baseline-browser-mapping/-/baseline-browser-mapping-2.10.29.tgz",
      "integrity": "sha512-Asa2krT+XTPZINCS+2QcyS8WTkObE77RwkydwF7h6DmnKqbvlalz93m/dnphUyCa6SWSP51VgtEUf2FN+gelFQ==",
      "dev": true,
      "license": "Apache-2.0",
      "bin": {
        "baseline-browser-mapping": "dist/cli.cjs"
      },
      "engines": {
        "node": ">=6.0.0"
      }
    }
  }
}
